// !$*UTF8*$!
{
	archiveVersion = 1;
	classes = {
	};
	objectVersion = 50;
	objects = {

/* Begin PBXBuildFile section */
		BF5F75522126544D002F348F /* testCellXib.m in Sources */ = {isa = PBXBuildFile; fileRef = BF5F75502126544D002F348F /* testCellXib.m */; };
		BF5F75532126544D002F348F /* testCellXib.xib in Resources */ = {isa = PBXBuildFile; fileRef = BF5F75512126544D002F348F /* testCellXib.xib */; };
		BF5F755721266930002F348F /* testTableVC.m in Sources */ = {isa = PBXBuildFile; fileRef = BF5F755621266930002F348F /* testTableVC.m */; };
		BF5F755A21266AB1002F348F /* BorrowingBill.m in Sources */ = {isa = PBXBuildFile; fileRef = BF5F755821266AB1002F348F /* BorrowingBill.m */; };
		BF5F755E21266DAA002F348F /* baseWkVc.m in Sources */ = {isa = PBXBuildFile; fileRef = BF5F755D21266DAA002F348F /* baseWkVc.m */; };
		BFA9AC3721227BC300668F2F /* AppDelegate.m in Sources */ = {isa = PBXBuildFile; fileRef = BFA9AC3621227BC300668F2F /* AppDelegate.m */; };
		BFA9AC3A21227BC300668F2F /* ViewController.m in Sources */ = {isa = PBXBuildFile; fileRef = BFA9AC3921227BC300668F2F /* ViewController.m */; };
		BFA9AC3D21227BC300668F2F /* Main.storyboard in Resources */ = {isa = PBXBuildFile; fileRef = BFA9AC3B21227BC300668F2F /* Main.storyboard */; };
		BFA9AC3F21227BC500668F2F /* Assets.xcassets in Resources */ = {isa = PBXBuildFile; fileRef = BFA9AC3E21227BC500668F2F /* Assets.xcassets */; };
		BFA9AC4221227BC500668F2F /* LaunchScreen.storyboard in Resources */ = {isa = PBXBuildFile; fileRef = BFA9AC4021227BC500668F2F /* LaunchScreen.storyboard */; };
		BFA9AC4521227BC500668F2F /* main.m in Sources */ = {isa = PBXBuildFile; fileRef = BFA9AC4421227BC500668F2F /* main.m */; };
		BFA9AC4F21227BC500668F2F /* baseTests.m in Sources */ = {isa = PBXBuildFile; fileRef = BFA9AC4E21227BC500668F2F /* baseTests.m */; };
		BFA9AC5A21227BC500668F2F /* baseUITests.m in Sources */ = {isa = PBXBuildFile; fileRef = BFA9AC5921227BC500668F2F /* baseUITests.m */; };
		BFA9AC6F2122803F00668F2F /* baseUiTableView.m in Sources */ = {isa = PBXBuildFile; fileRef = BFA9AC6E2122803E00668F2F /* baseUiTableView.m */; };
		BFA9AC722122804B00668F2F /* baseCell.m in Sources */ = {isa = PBXBuildFile; fileRef = BFA9AC702122804B00668F2F /* baseCell.m */; };
		BFA9AC752122805500668F2F /* basicVc.m in Sources */ = {isa = PBXBuildFile; fileRef = BFA9AC732122805500668F2F /* basicVc.m */; };
		BFA9AC7A212297C700668F2F /* NSString+Add.m in Sources */ = {isa = PBXBuildFile; fileRef = BFA9AC79212297C600668F2F /* NSString+Add.m */; };
		BFA9AC7E21241DF200668F2F /* ToolHelper.m in Sources */ = {isa = PBXBuildFile; fileRef = BFA9AC7D21241DF200668F2F /* ToolHelper.m */; };
		BFA9AC802125126100668F2F /* CoreTelephony.framework in Frameworks */ = {isa = PBXBuildFile; fileRef = BFA9AC7F2125126100668F2F /* CoreTelephony.framework */; };
		BFA9AC852125188F00668F2F /* MBProgressHUD+MJ.m in Sources */ = {isa = PBXBuildFile; fileRef = BFA9AC842125188F00668F2F /* MBProgressHUD+MJ.m */; };
		BFE6201A2126764F005B8F88 /* baseUICollectionVC.m in Sources */ = {isa = PBXBuildFile; fileRef = BFE620192126764F005B8F88 /* baseUICollectionVC.m */; };
		BFE6201D21267873005B8F88 /* testCoVc.m in Sources */ = {isa = PBXBuildFile; fileRef = BFE6201C21267873005B8F88 /* testCoVc.m */; };
		BFE62024212678BC005B8F88 /* testCoCellXib.m in Sources */ = {isa = PBXBuildFile; fileRef = BFE62022212678BC005B8F88 /* testCoCellXib.m */; };
		BFE62025212678BC005B8F88 /* testCoCellXib.xib in Resources */ = {isa = PBXBuildFile; fileRef = BFE62023212678BC005B8F88 /* testCoCellXib.xib */; };
		BFE620282126B211005B8F88 /* ImageCell.m in Sources */ = {isa = PBXBuildFile; fileRef = BFE620262126B211005B8F88 /* ImageCell.m */; };
		BFE6202D2126C09B005B8F88 /* BasePageVc.m in Sources */ = {isa = PBXBuildFile; fileRef = BFE6202C2126C09B005B8F88 /* BasePageVc.m */; };
		BFE620302126C19E005B8F88 /* TitleViewController.m in Sources */ = {isa = PBXBuildFile; fileRef = BFE6202F2126C19E005B8F88 /* TitleViewController.m */; };
		BFE620362126D38A005B8F88 /* WSLFPS.m in Sources */ = {isa = PBXBuildFile; fileRef = BFE620332126D389005B8F88 /* WSLFPS.m */; };
		BFE620372126D38A005B8F88 /* WSLSuspendingView.m in Sources */ = {isa = PBXBuildFile; fileRef = BFE620352126D389005B8F88 /* WSLSuspendingView.m */; };
		BFE6203B212A9D49005B8F88 /* testPoPvc.m in Sources */ = {isa = PBXBuildFile; fileRef = BFE62039212A9D49005B8F88 /* testPoPvc.m */; };
		BFE6203C212A9D49005B8F88 /* testPoPvc.xib in Resources */ = {isa = PBXBuildFile; fileRef = BFE6203A212A9D49005B8F88 /* testPoPvc.xib */; };
		BFE6203F212BE073005B8F88 /* mainTableVc.m in Sources */ = {isa = PBXBuildFile; fileRef = BFE6203D212BE072005B8F88 /* mainTableVc.m */; };
		BFE62042212BE39A005B8F88 /* UIColor+Add.m in Sources */ = {isa = PBXBuildFile; fileRef = BFE62040212BE399005B8F88 /* UIColor+Add.m */; };
		FE7729A27CEFF57F59AACCB0 /* libPods-base.a in Frameworks */ = {isa = PBXBuildFile; fileRef = E8EAEC488078379D62520D8E /* libPods-base.a */; };
/* End PBXBuildFile section */

/* Begin PBXContainerItemProxy section */
		BFA9AC4B21227BC500668F2F /* PBXContainerItemProxy */ = {
			isa = PBXContainerItemProxy;
			containerPortal = BFA9AC2A21227BC300668F2F /* Project object */;
			proxyType = 1;
			remoteGlobalIDString = BFA9AC3121227BC300668F2F;
			remoteInfo = base;
		};
		BFA9AC5621227BC500668F2F /* PBXContainerItemProxy */ = {
			isa = PBXContainerItemProxy;
			containerPortal = BFA9AC2A21227BC300668F2F /* Project object */;
			proxyType = 1;
			remoteGlobalIDString = BFA9AC3121227BC300668F2F;
			remoteInfo = base;
		};
/* End PBXContainerItemProxy section */

/* Begin PBXFileReference section */
		22DF88D12F3E8094A2583C5F /* Pods-base.debug.xcconfig */ = {isa = PBXFileReference; includeInIndex = 1; lastKnownFileType = text.xcconfig; name = "Pods-base.debug.xcconfig"; path = "Pods/Target Support Files/Pods-base/Pods-base.debug.xcconfig"; sourceTree = "<group>"; };
		61D1641A44BF8EE32DF469E1 /* Pods-base.release.xcconfig */ = {isa = PBXFileReference; includeInIndex = 1; lastKnownFileType = text.xcconfig; name = "Pods-base.release.xcconfig"; path = "Pods/Target Support Files/Pods-base/Pods-base.release.xcconfig"; sourceTree = "<group>"; };
		BF5F754F2126544D002F348F /* testCellXib.h */ = {isa = PBXFileReference; lastKnownFileType = sourcecode.c.h; path = testCellXib.h; sourceTree = "<group>"; };
		BF5F75502126544D002F348F /* testCellXib.m */ = {isa = PBXFileReference; lastKnownFileType = sourcecode.c.objc; path = testCellXib.m; sourceTree = "<group>"; };
		BF5F75512126544D002F348F /* testCellXib.xib */ = {isa = PBXFileReference; lastKnownFileType = file.xib; path = testCellXib.xib; sourceTree = "<group>"; };
		BF5F755521266930002F348F /* testTableVC.h */ = {isa = PBXFileReference; lastKnownFileType = sourcecode.c.h; path = testTableVC.h; sourceTree = "<group>"; };
		BF5F755621266930002F348F /* testTableVC.m */ = {isa = PBXFileReference; lastKnownFileType = sourcecode.c.objc; path = testTableVC.m; sourceTree = "<group>"; };
		BF5F755821266AB1002F348F /* BorrowingBill.m */ = {isa = PBXFileReference; fileEncoding = 4; lastKnownFileType = sourcecode.c.objc; path = BorrowingBill.m; sourceTree = "<group>"; };
		BF5F755921266AB1002F348F /* BorrowingBill.h */ = {isa = PBXFileReference; fileEncoding = 4; lastKnownFileType = sourcecode.c.h; path = BorrowingBill.h; sourceTree = "<group>"; };
		BF5F755C21266DAA002F348F /* baseWkVc.h */ = {isa = PBXFileReference; fileEncoding = 4; lastKnownFileType = sourcecode.c.h; path = baseWkVc.h; sourceTree = "<group>"; };
		BF5F755D21266DAA002F348F /* baseWkVc.m */ = {isa = PBXFileReference; fileEncoding = 4; lastKnownFileType = sourcecode.c.objc; path = baseWkVc.m; sourceTree = "<group>"; };
		BFA9AC3221227BC300668F2F /* base.app */ = {isa = PBXFileReference; explicitFileType = wrapper.application; includeInIndex = 0; path = base.app; sourceTree = BUILT_PRODUCTS_DIR; };
		BFA9AC3521227BC300668F2F /* AppDelegate.h */ = {isa = PBXFileReference; lastKnownFileType = sourcecode.c.h; path = AppDelegate.h; sourceTree = "<group>"; };
		BFA9AC3621227BC300668F2F /* AppDelegate.m */ = {isa = PBXFileReference; lastKnownFileType = sourcecode.c.objc; path = AppDelegate.m; sourceTree = "<group>"; };
		BFA9AC3821227BC300668F2F /* ViewController.h */ = {isa = PBXFileReference; lastKnownFileType = sourcecode.c.h; path = ViewController.h; sourceTree = "<group>"; };
		BFA9AC3921227BC300668F2F /* ViewController.m */ = {isa = PBXFileReference; lastKnownFileType = sourcecode.c.objc; path = ViewController.m; sourceTree = "<group>"; };
		BFA9AC3C21227BC300668F2F /* Base */ = {isa = PBXFileReference; lastKnownFileType = file.storyboard; name = Base; path = Base.lproj/Main.storyboard; sourceTree = "<group>"; };
		BFA9AC3E21227BC500668F2F /* Assets.xcassets */ = {isa = PBXFileReference; lastKnownFileType = folder.assetcatalog; path = Assets.xcassets; sourceTree = "<group>"; };
		BFA9AC4121227BC500668F2F /* Base */ = {isa = PBXFileReference; lastKnownFileType = file.storyboard; name = Base; path = Base.lproj/LaunchScreen.storyboard; sourceTree = "<group>"; };
		BFA9AC4321227BC500668F2F /* Info.plist */ = {isa = PBXFileReference; lastKnownFileType = text.plist.xml; path = Info.plist; sourceTree = "<group>"; };
		BFA9AC4421227BC500668F2F /* main.m */ = {isa = PBXFileReference; lastKnownFileType = sourcecode.c.objc; path = main.m; sourceTree = "<group>"; };
		BFA9AC4A21227BC500668F2F /* baseTests.xctest */ = {isa = PBXFileReference; explicitFileType = wrapper.cfbundle; includeInIndex = 0; path = baseTests.xctest; sourceTree = BUILT_PRODUCTS_DIR; };
		BFA9AC4E21227BC500668F2F /* baseTests.m */ = {isa = PBXFileReference; lastKnownFileType = sourcecode.c.objc; path = baseTests.m; sourceTree = "<group>"; };
		BFA9AC5021227BC500668F2F /* Info.plist */ = {isa = PBXFileReference; lastKnownFileType = text.plist.xml; path = Info.plist; sourceTree = "<group>"; };
		BFA9AC5521227BC500668F2F /* baseUITests.xctest */ = {isa = PBXFileReference; explicitFileType = wrapper.cfbundle; includeInIndex = 0; path = baseUITests.xctest; sourceTree = BUILT_PRODUCTS_DIR; };
		BFA9AC5921227BC500668F2F /* baseUITests.m */ = {isa = PBXFileReference; lastKnownFileType = sourcecode.c.objc; path = baseUITests.m; sourceTree = "<group>"; };
		BFA9AC5B21227BC500668F2F /* Info.plist */ = {isa = PBXFileReference; lastKnownFileType = text.plist.xml; path = Info.plist; sourceTree = "<group>"; };
		BFA9AC6D2122803E00668F2F /* baseUiTableView.h */ = {isa = PBXFileReference; fileEncoding = 4; lastKnownFileType = sourcecode.c.h; path = baseUiTableView.h; sourceTree = "<group>"; };
		BFA9AC6E2122803E00668F2F /* baseUiTableView.m */ = {isa = PBXFileReference; fileEncoding = 4; lastKnownFileType = sourcecode.c.objc; path = baseUiTableView.m; sourceTree = "<group>"; };
		BFA9AC702122804B00668F2F /* baseCell.m */ = {isa = PBXFileReference; fileEncoding = 4; lastKnownFileType = sourcecode.c.objc; path = baseCell.m; sourceTree = "<group>"; };
		BFA9AC712122804B00668F2F /* baseCell.h */ = {isa = PBXFileReference; fileEncoding = 4; lastKnownFileType = sourcecode.c.h; path = baseCell.h; sourceTree = "<group>"; };
		BFA9AC732122805500668F2F /* basicVc.m */ = {isa = PBXFileReference; fileEncoding = 4; lastKnownFileType = sourcecode.c.objc; path = basicVc.m; sourceTree = "<group>"; };
		BFA9AC742122805500668F2F /* basicVc.h */ = {isa = PBXFileReference; fileEncoding = 4; lastKnownFileType = sourcecode.c.h; path = basicVc.h; sourceTree = "<group>"; };
		BFA9AC7621228F9E00668F2F /* Header.h */ = {isa = PBXFileReference; lastKnownFileType = sourcecode.c.h; path = Header.h; sourceTree = "<group>"; };
		BFA9AC78212297C600668F2F /* NSString+Add.h */ = {isa = PBXFileReference; fileEncoding = 4; lastKnownFileType = sourcecode.c.h; path = "NSString+Add.h"; sourceTree = "<group>"; };
		BFA9AC79212297C600668F2F /* NSString+Add.m */ = {isa = PBXFileReference; fileEncoding = 4; lastKnownFileType = sourcecode.c.objc; path = "NSString+Add.m"; sourceTree = "<group>"; };
		BFA9AC7C21241DF200668F2F /* ToolHelper.h */ = {isa = PBXFileReference; lastKnownFileType = sourcecode.c.h; path = ToolHelper.h; sourceTree = "<group>"; };
		BFA9AC7D21241DF200668F2F /* ToolHelper.m */ = {isa = PBXFileReference; lastKnownFileType = sourcecode.c.objc; path = ToolHelper.m; sourceTree = "<group>"; };
		BFA9AC7F2125126100668F2F /* CoreTelephony.framework */ = {isa = PBXFileReference; lastKnownFileType = wrapper.framework; name = CoreTelephony.framework; path = System/Library/Frameworks/CoreTelephony.framework; sourceTree = SDKROOT; };
		BFA9AC832125188F00668F2F /* MBProgressHUD+MJ.h */ = {isa = PBXFileReference; fileEncoding = 4; lastKnownFileType = sourcecode.c.h; path = "MBProgressHUD+MJ.h"; sourceTree = "<group>"; };
		BFA9AC842125188F00668F2F /* MBProgressHUD+MJ.m */ = {isa = PBXFileReference; fileEncoding = 4; lastKnownFileType = sourcecode.c.objc; path = "MBProgressHUD+MJ.m"; sourceTree = "<group>"; };
		BFE620182126764F005B8F88 /* baseUICollectionVC.h */ = {isa = PBXFileReference; lastKnownFileType = sourcecode.c.h; path = baseUICollectionVC.h; sourceTree = "<group>"; };
		BFE620192126764F005B8F88 /* baseUICollectionVC.m */ = {isa = PBXFileReference; lastKnownFileType = sourcecode.c.objc; path = baseUICollectionVC.m; sourceTree = "<group>"; };
		BFE6201B21267873005B8F88 /* testCoVc.h */ = {isa = PBXFileReference; lastKnownFileType = sourcecode.c.h; path = testCoVc.h; sourceTree = "<group>"; };
		BFE6201C21267873005B8F88 /* testCoVc.m */ = {isa = PBXFileReference; lastKnownFileType = sourcecode.c.objc; path = testCoVc.m; sourceTree = "<group>"; };
		BFE62021212678BC005B8F88 /* testCoCellXib.h */ = {isa = PBXFileReference; lastKnownFileType = sourcecode.c.h; path = testCoCellXib.h; sourceTree = "<group>"; };
		BFE62022212678BC005B8F88 /* testCoCellXib.m */ = {isa = PBXFileReference; lastKnownFileType = sourcecode.c.objc; path = testCoCellXib.m; sourceTree = "<group>"; };
		BFE62023212678BC005B8F88 /* testCoCellXib.xib */ = {isa = PBXFileReference; lastKnownFileType = file.xib; path = testCoCellXib.xib; sourceTree = "<group>"; };
		BFE620262126B211005B8F88 /* ImageCell.m */ = {isa = PBXFileReference; fileEncoding = 4; lastKnownFileType = sourcecode.c.objc; path = ImageCell.m; sourceTree = "<group>"; };
		BFE620272126B211005B8F88 /* ImageCell.h */ = {isa = PBXFileReference; fileEncoding = 4; lastKnownFileType = sourcecode.c.h; path = ImageCell.h; sourceTree = "<group>"; };
		BFE6202B2126C09B005B8F88 /* BasePageVc.h */ = {isa = PBXFileReference; fileEncoding = 4; lastKnownFileType = sourcecode.c.h; path = BasePageVc.h; sourceTree = "<group>"; };
		BFE6202C2126C09B005B8F88 /* BasePageVc.m */ = {isa = PBXFileReference; fileEncoding = 4; lastKnownFileType = sourcecode.c.objc; path = BasePageVc.m; sourceTree = "<group>"; };
		BFE6202E2126C19E005B8F88 /* TitleViewController.h */ = {isa = PBXFileReference; fileEncoding = 4; lastKnownFileType = sourcecode.c.h; path = TitleViewController.h; sourceTree = "<group>"; };
		BFE6202F2126C19E005B8F88 /* TitleViewController.m */ = {isa = PBXFileReference; fileEncoding = 4; lastKnownFileType = sourcecode.c.objc; path = TitleViewController.m; sourceTree = "<group>"; };
		BFE620322126D389005B8F88 /* WSLFPS.h */ = {isa = PBXFileReference; fileEncoding = 4; lastKnownFileType = sourcecode.c.h; path = WSLFPS.h; sourceTree = "<group>"; };
		BFE620332126D389005B8F88 /* WSLFPS.m */ = {isa = PBXFileReference; fileEncoding = 4; lastKnownFileType = sourcecode.c.objc; path = WSLFPS.m; sourceTree = "<group>"; };
		BFE620342126D389005B8F88 /* WSLSuspendingView.h */ = {isa = PBXFileReference; fileEncoding = 4; lastKnownFileType = sourcecode.c.h; path = WSLSuspendingView.h; sourceTree = "<group>"; };
		BFE620352126D389005B8F88 /* WSLSuspendingView.m */ = {isa = PBXFileReference; fileEncoding = 4; lastKnownFileType = sourcecode.c.objc; path = WSLSuspendingView.m; sourceTree = "<group>"; };
		BFE62038212A9D49005B8F88 /* testPoPvc.h */ = {isa = PBXFileReference; lastKnownFileType = sourcecode.c.h; path = testPoPvc.h; sourceTree = "<group>"; };
		BFE62039212A9D49005B8F88 /* testPoPvc.m */ = {isa = PBXFileReference; lastKnownFileType = sourcecode.c.objc; path = testPoPvc.m; sourceTree = "<group>"; };
		BFE6203A212A9D49005B8F88 /* testPoPvc.xib */ = {isa = PBXFileReference; lastKnownFileType = file.xib; path = testPoPvc.xib; sourceTree = "<group>"; };
		BFE6203D212BE072005B8F88 /* mainTableVc.m */ = {isa = PBXFileReference; fileEncoding = 4; lastKnownFileType = sourcecode.c.objc; path = mainTableVc.m; sourceTree = "<group>"; };
		BFE6203E212BE072005B8F88 /* mainTableVc.h */ = {isa = PBXFileReference; fileEncoding = 4; lastKnownFileType = sourcecode.c.h; path = mainTableVc.h; sourceTree = "<group>"; };
		BFE62040212BE399005B8F88 /* UIColor+Add.m */ = {isa = PBXFileReference; fileEncoding = 4; lastKnownFileType = sourcecode.c.objc; path = "UIColor+Add.m"; sourceTree = "<group>"; };
		BFE62041212BE399005B8F88 /* UIColor+Add.h */ = {isa = PBXFileReference; fileEncoding = 4; lastKnownFileType = sourcecode.c.h; path = "UIColor+Add.h"; sourceTree = "<group>"; };
		E8EAEC488078379D62520D8E /* libPods-base.a */ = {isa = PBXFileReference; explicitFileType = archive.ar; includeInIndex = 0; path = "libPods-base.a"; sourceTree = BUILT_PRODUCTS_DIR; };
/* End PBXFileReference section */

/* Begin PBXFrameworksBuildPhase section */
		BFA9AC2F21227BC300668F2F /* Frameworks */ = {
			isa = PBXFrameworksBuildPhase;
			buildActionMask = 2147483647;
			files = (
				BFA9AC802125126100668F2F /* CoreTelephony.framework in Frameworks */,
				FE7729A27CEFF57F59AACCB0 /* libPods-base.a in Frameworks */,
			);
			runOnlyForDeploymentPostprocessing = 0;
		};
		BFA9AC4721227BC500668F2F /* Frameworks */ = {
			isa = PBXFrameworksBuildPhase;
			buildActionMask = 2147483647;
			files = (
			);
			runOnlyForDeploymentPostprocessing = 0;
		};
		BFA9AC5221227BC500668F2F /* Frameworks */ = {
			isa = PBXFrameworksBuildPhase;
			buildActionMask = 2147483647;
			files = (
			);
			runOnlyForDeploymentPostprocessing = 0;
		};
/* End PBXFrameworksBuildPhase section */

/* Begin PBXGroup section */
		6D8669382F082D0905C75168 /* Pods */ = {
			isa = PBXGroup;
			children = (
				22DF88D12F3E8094A2583C5F /* Pods-base.debug.xcconfig */,
				61D1641A44BF8EE32DF469E1 /* Pods-base.release.xcconfig */,
			);
			name = Pods;
			sourceTree = "<group>";
		};
		BF5F754E2126541B002F348F /* test_cell */ = {
			isa = PBXGroup;
			children = (
				BF5F754F2126544D002F348F /* testCellXib.h */,
				BF5F75502126544D002F348F /* testCellXib.m */,
				BF5F75512126544D002F348F /* testCellXib.xib */,
				BF5F755921266AB1002F348F /* BorrowingBill.h */,
				BF5F755821266AB1002F348F /* BorrowingBill.m */,
				BFE62021212678BC005B8F88 /* testCoCellXib.h */,
				BFE62022212678BC005B8F88 /* testCoCellXib.m */,
				BFE62023212678BC005B8F88 /* testCoCellXib.xib */,
				BFE620272126B211005B8F88 /* ImageCell.h */,
				BFE620262126B211005B8F88 /* ImageCell.m */,
			);
			path = test_cell;
			sourceTree = "<group>";
		};
		BF5F755421266908002F348F /* test_Vc */ = {
			isa = PBXGroup;
			children = (
				BF5F755521266930002F348F /* testTableVC.h */,
				BF5F755621266930002F348F /* testTableVC.m */,
				BFE6201B21267873005B8F88 /* testCoVc.h */,
				BFE6201C21267873005B8F88 /* testCoVc.m */,
				BFE62038212A9D49005B8F88 /* testPoPvc.h */,
				BFE62039212A9D49005B8F88 /* testPoPvc.m */,
				BFE6203A212A9D49005B8F88 /* testPoPvc.xib */,
			);
			path = test_Vc;
			sourceTree = "<group>";
		};
		BF5F755B21266DAA002F348F /* baseWebVc */ = {
			isa = PBXGroup;
			children = (
				BF5F755C21266DAA002F348F /* baseWkVc.h */,
				BF5F755D21266DAA002F348F /* baseWkVc.m */,
			);
			path = baseWebVc;
			sourceTree = "<group>";
		};
		BFA9AC2921227BC300668F2F = {
			isa = PBXGroup;
			children = (
				BFA9AC3421227BC300668F2F /* base */,
				BFA9AC4D21227BC500668F2F /* baseTests */,
				BFA9AC5821227BC500668F2F /* baseUITests */,
				BFA9AC3321227BC300668F2F /* Products */,
				6D8669382F082D0905C75168 /* Pods */,
				C63DBC767B6946A9FA1A096E /* Frameworks */,
			);
			sourceTree = "<group>";
		};
		BFA9AC3321227BC300668F2F /* Products */ = {
			isa = PBXGroup;
			children = (
				BFA9AC3221227BC300668F2F /* base.app */,
				BFA9AC4A21227BC500668F2F /* baseTests.xctest */,
				BFA9AC5521227BC500668F2F /* baseUITests.xctest */,
			);
			name = Products;
			sourceTree = "<group>";
		};
		BFA9AC3421227BC300668F2F /* base */ = {
			isa = PBXGroup;
			children = (
				BFE620292126BEF3005B8F88 /* test分页VC */,
				BF5F755421266908002F348F /* test_Vc */,
				BF5F754E2126541B002F348F /* test_cell */,
				BFE620312126D389005B8F88 /* FPS */,
				BFA9AC812125188F00668F2F /* Third party */,
				BFA9AC6921227FD800668F2F /* baseTool */,
				BFA9AC3521227BC300668F2F /* AppDelegate.h */,
				BFA9AC3621227BC300668F2F /* AppDelegate.m */,
				BFA9AC3821227BC300668F2F /* ViewController.h */,
				BFA9AC3921227BC300668F2F /* ViewController.m */,
				BFA9AC3B21227BC300668F2F /* Main.storyboard */,
				BFA9AC3E21227BC500668F2F /* Assets.xcassets */,
				BFA9AC4021227BC500668F2F /* LaunchScreen.storyboard */,
				BFA9AC4321227BC500668F2F /* Info.plist */,
				BFA9AC4421227BC500668F2F /* main.m */,
			);
			path = base;
			sourceTree = "<group>";
		};
		BFA9AC4D21227BC500668F2F /* baseTests */ = {
			isa = PBXGroup;
			children = (
				BFA9AC4E21227BC500668F2F /* baseTests.m */,
				BFA9AC5021227BC500668F2F /* Info.plist */,
			);
			path = baseTests;
			sourceTree = "<group>";
		};
		BFA9AC5821227BC500668F2F /* baseUITests */ = {
			isa = PBXGroup;
			children = (
				BFA9AC5921227BC500668F2F /* baseUITests.m */,
				BFA9AC5B21227BC500668F2F /* Info.plist */,
			);
			path = baseUITests;
			sourceTree = "<group>";
		};
		BFA9AC6921227FD800668F2F /* baseTool */ = {
			isa = PBXGroup;
			children = (
				BFE6203E212BE072005B8F88 /* mainTableVc.h */,
				BFE6203D212BE072005B8F88 /* mainTableVc.m */,
				BFA9AC7621228F9E00668F2F /* Header.h */,
				BFA9AC7B21241DDE00668F2F /* ToolHelper */,
				BFA9AC77212297C600668F2F /* category */,
				BFE6202A2126C09B005B8F88 /* Paging controller */,
				BFE6201721267629005B8F88 /* baseColle */,
				BF5F755B21266DAA002F348F /* baseWebVc */,
				BFA9AC6A21227FD800668F2F /* baseTableVc */,
				BFA9AC6C21227FD800668F2F /* baseVc */,
			);
			path = baseTool;
			sourceTree = "<group>";
		};
		BFA9AC6A21227FD800668F2F /* baseTableVc */ = {
			isa = PBXGroup;
			children = (
				BFA9AC6D2122803E00668F2F /* baseUiTableView.h */,
				BFA9AC6E2122803E00668F2F /* baseUiTableView.m */,
				BFA9AC6B21227FD800668F2F /* baseCell */,
			);
			path = baseTableVc;
			sourceTree = "<group>";
		};
		BFA9AC6B21227FD800668F2F /* baseCell */ = {
			isa = PBXGroup;
			children = (
				BFA9AC712122804B00668F2F /* baseCell.h */,
				BFA9AC702122804B00668F2F /* baseCell.m */,
			);
			path = baseCell;
			sourceTree = "<group>";
		};
		BFA9AC6C21227FD800668F2F /* baseVc */ = {
			isa = PBXGroup;
			children = (
				BFA9AC742122805500668F2F /* basicVc.h */,
				BFA9AC732122805500668F2F /* basicVc.m */,
			);
			path = baseVc;
			sourceTree = "<group>";
		};
		BFA9AC77212297C600668F2F /* category */ = {
			isa = PBXGroup;
			children = (
				BFE62041212BE399005B8F88 /* UIColor+Add.h */,
				BFE62040212BE399005B8F88 /* UIColor+Add.m */,
				BFA9AC78212297C600668F2F /* NSString+Add.h */,
				BFA9AC79212297C600668F2F /* NSString+Add.m */,
			);
			path = category;
			sourceTree = "<group>";
		};
		BFA9AC7B21241DDE00668F2F /* ToolHelper */ = {
			isa = PBXGroup;
			children = (
				BFA9AC7C21241DF200668F2F /* ToolHelper.h */,
				BFA9AC7D21241DF200668F2F /* ToolHelper.m */,
			);
			path = ToolHelper;
			sourceTree = "<group>";
		};
		BFA9AC812125188F00668F2F /* Third party */ = {
			isa = PBXGroup;
			children = (
				BFA9AC822125188F00668F2F /* MBProgressHUD+MJ */,
			);
			path = "Third party";
			sourceTree = "<group>";
		};
		BFA9AC822125188F00668F2F /* MBProgressHUD+MJ */ = {
			isa = PBXGroup;
			children = (
				BFA9AC832125188F00668F2F /* MBProgressHUD+MJ.h */,
				BFA9AC842125188F00668F2F /* MBProgressHUD+MJ.m */,
			);
			path = "MBProgressHUD+MJ";
			sourceTree = "<group>";
		};
		BFE6201721267629005B8F88 /* baseColle */ = {
			isa = PBXGroup;
			children = (
				BFE620182126764F005B8F88 /* baseUICollectionVC.h */,
				BFE620192126764F005B8F88 /* baseUICollectionVC.m */,
			);
			path = baseColle;
			sourceTree = "<group>";
		};
		BFE620292126BEF3005B8F88 /* test分页VC */ = {
			isa = PBXGroup;
			children = (
				BFE6202E2126C19E005B8F88 /* TitleViewController.h */,
				BFE6202F2126C19E005B8F88 /* TitleViewController.m */,
			);
			path = "test分页VC";
			sourceTree = "<group>";
		};
		BFE6202A2126C09B005B8F88 /* Paging controller */ = {
			isa = PBXGroup;
			children = (
				BFE6202B2126C09B005B8F88 /* BasePageVc.h */,
				BFE6202C2126C09B005B8F88 /* BasePageVc.m */,
			);
			path = "Paging controller";
			sourceTree = "<group>";
		};
		BFE620312126D389005B8F88 /* FPS */ = {
			isa = PBXGroup;
			children = (
				BFE620322126D389005B8F88 /* WSLFPS.h */,
				BFE620332126D389005B8F88 /* WSLFPS.m */,
				BFE620342126D389005B8F88 /* WSLSuspendingView.h */,
				BFE620352126D389005B8F88 /* WSLSuspendingView.m */,
			);
			path = FPS;
			sourceTree = "<group>";
		};
		C63DBC767B6946A9FA1A096E /* Frameworks */ = {
			isa = PBXGroup;
			children = (
				BFA9AC7F2125126100668F2F /* CoreTelephony.framework */,
				E8EAEC488078379D62520D8E /* libPods-base.a */,
			);
			name = Frameworks;
			sourceTree = "<group>";
		};
/* End PBXGroup section */

/* Begin PBXNativeTarget section */
		BFA9AC3121227BC300668F2F /* base */ = {
			isa = PBXNativeTarget;
			buildConfigurationList = BFA9AC5E21227BC500668F2F /* Build configuration list for PBXNativeTarget "base" */;
			buildPhases = (
				F919B5E3AB54F64ED15CCC34 /* [CP] Check Pods Manifest.lock */,
				BFA9AC2E21227BC300668F2F /* Sources */,
				BFA9AC2F21227BC300668F2F /* Frameworks */,
				BFA9AC3021227BC300668F2F /* Resources */,
				99059AD4B962558C360E171A /* [CP] Copy Pods Resources */,
			);
			buildRules = (
			);
			dependencies = (
			);
			name = base;
			productName = base;
			productReference = BFA9AC3221227BC300668F2F /* base.app */;
			productType = "com.apple.product-type.application";
		};
		BFA9AC4921227BC500668F2F /* baseTests */ = {
			isa = PBXNativeTarget;
			buildConfigurationList = BFA9AC6121227BC500668F2F /* Build configuration list for PBXNativeTarget "baseTests" */;
			buildPhases = (
				BFA9AC4621227BC500668F2F /* Sources */,
				BFA9AC4721227BC500668F2F /* Frameworks */,
				BFA9AC4821227BC500668F2F /* Resources */,
			);
			buildRules = (
			);
			dependencies = (
				BFA9AC4C21227BC500668F2F /* PBXTargetDependency */,
			);
			name = baseTests;
			productName = baseTests;
			productReference = BFA9AC4A21227BC500668F2F /* baseTests.xctest */;
			productType = "com.apple.product-type.bundle.unit-test";
		};
		BFA9AC5421227BC500668F2F /* baseUITests */ = {
			isa = PBXNativeTarget;
			buildConfigurationList = BFA9AC6421227BC500668F2F /* Build configuration list for PBXNativeTarget "baseUITests" */;
			buildPhases = (
				BFA9AC5121227BC500668F2F /* Sources */,
				BFA9AC5221227BC500668F2F /* Frameworks */,
				BFA9AC5321227BC500668F2F /* Resources */,
			);
			buildRules = (
			);
			dependencies = (
				BFA9AC5721227BC500668F2F /* PBXTargetDependency */,
			);
			name = baseUITests;
			productName = baseUITests;
			productReference = BFA9AC5521227BC500668F2F /* baseUITests.xctest */;
			productType = "com.apple.product-type.bundle.ui-testing";
		};
/* End PBXNativeTarget section */

/* Begin PBXProject section */
		BFA9AC2A21227BC300668F2F /* Project object */ = {
			isa = PBXProject;
			attributes = {
				LastUpgradeCheck = 0940;
				ORGANIZATIONNAME = "开发者最好的";
				TargetAttributes = {
					BFA9AC3121227BC300668F2F = {
						CreatedOnToolsVersion = 9.4.1;
					};
					BFA9AC4921227BC500668F2F = {
						CreatedOnToolsVersion = 9.4.1;
						TestTargetID = BFA9AC3121227BC300668F2F;
					};
					BFA9AC5421227BC500668F2F = {
						CreatedOnToolsVersion = 9.4.1;
						TestTargetID = BFA9AC3121227BC300668F2F;
					};
				};
			};
			buildConfigurationList = BFA9AC2D21227BC300668F2F /* Build configuration list for PBXProject "base" */;
			compatibilityVersion = "Xcode 9.3";
			developmentRegion = en;
			hasScannedForEncodings = 0;
			knownRegions = (
				en,
				Base,
			);
			mainGroup = BFA9AC2921227BC300668F2F;
			productRefGroup = BFA9AC3321227BC300668F2F /* Products */;
			projectDirPath = "";
			projectRoot = "";
			targets = (
				BFA9AC3121227BC300668F2F /* base */,
				BFA9AC4921227BC500668F2F /* baseTests */,
				BFA9AC5421227BC500668F2F /* baseUITests */,
			);
		};
/* End PBXProject section */

/* Begin PBXResourcesBuildPhase section */
		BFA9AC3021227BC300668F2F /* Resources */ = {
			isa = PBXResourcesBuildPhase;
			buildActionMask = 2147483647;
			files = (
				BFA9AC4221227BC500668F2F /* LaunchScreen.storyboard in Resources */,
				BF5F75532126544D002F348F /* testCellXib.xib in Resources */,
				BFA9AC3F21227BC500668F2F /* Assets.xcassets in Resources */,
				BFE62025212678BC005B8F88 /* testCoCellXib.xib in Resources */,
				BFE6203C212A9D49005B8F88 /* testPoPvc.xib in Resources */,
				BFA9AC3D21227BC300668F2F /* Main.storyboard in Resources */,
			);
			runOnlyForDeploymentPostprocessing = 0;
		};
		BFA9AC4821227BC500668F2F /* Resources */ = {
			isa = PBXResourcesBuildPhase;
			buildActionMask = 2147483647;
			files = (
			);
			runOnlyForDeploymentPostprocessing = 0;
		};
		BFA9AC5321227BC500668F2F /* Resources */ = {
			isa = PBXResourcesBuildPhase;
			buildActionMask = 2147483647;
			files = (
			);
			runOnlyForDeploymentPostprocessing = 0;
		};
/* End PBXResourcesBuildPhase section */

/* Begin PBXShellScriptBuildPhase section */
		99059AD4B962558C360E171A /* [CP] Copy Pods Resources */ = {
			isa = PBXShellScriptBuildPhase;
			buildActionMask = 2147483647;
			files = (
			);
			inputPaths = (
				"${SRCROOT}/Pods/Target Support Files/Pods-base/Pods-base-resources.sh",
				"${PODS_ROOT}/IQKeyboardManager/IQKeyboardManager/Resources/IQKeyboardManager.bundle",
				"${PODS_ROOT}/MJRefresh/MJRefresh/MJRefresh.bundle",
			);
			name = "[CP] Copy Pods Resources";
			outputPaths = (
				"${TARGET_BUILD_DIR}/${UNLOCALIZED_RESOURCES_FOLDER_PATH}/IQKeyboardManager.bundle",
				"${TARGET_BUILD_DIR}/${UNLOCALIZED_RESOURCES_FOLDER_PATH}/MJRefresh.bundle",
			);
			runOnlyForDeploymentPostprocessing = 0;
			shellPath = /bin/sh;
			shellScript = "\"${SRCROOT}/Pods/Target Support Files/Pods-base/Pods-base-resources.sh\"\n";
			showEnvVarsInLog = 0;
		};
		F919B5E3AB54F64ED15CCC34 /* [CP] Check Pods Manifest.lock */ = {
			isa = PBXShellScriptBuildPhase;
			buildActionMask = 2147483647;
			files = (
			);
			inputPaths = (
				"${PODS_PODFILE_DIR_PATH}/Podfile.lock",
				"${PODS_ROOT}/Manifest.lock",
			);
			name = "[CP] Check Pods Manifest.lock";
			outputPaths = (
				"$(DERIVED_FILE_DIR)/Pods-base-checkManifestLockResult.txt",
			);
			runOnlyForDeploymentPostprocessing = 0;
			shellPath = /bin/sh;
			shellScript = "diff \"${PODS_PODFILE_DIR_PATH}/Podfile.lock\" \"${PODS_ROOT}/Manifest.lock\" > /dev/null\nif [ $? != 0 ] ; then\n    # print error to STDERR\n    echo \"error: The sandbox is not in sync with the Podfile.lock. Run 'pod install' or update your CocoaPods installation.\" >&2\n    exit 1\nfi\n# This output is used by Xcode 'outputs' to avoid re-running this script phase.\necho \"SUCCESS\" > \"${SCRIPT_OUTPUT_FILE_0}\"\n";
			showEnvVarsInLog = 0;
		};
/* End PBXShellScriptBuildPhase section */

/* Begin PBXSourcesBuildPhase section */
		BFA9AC2E21227BC300668F2F /* Sources */ = {
			isa = PBXSourcesBuildPhase;
			buildActionMask = 2147483647;
			files = (
				BFE620302126C19E005B8F88 /* TitleViewController.m in Sources */,
				BFE62042212BE39A005B8F88 /* UIColor+Add.m in Sources */,
				BFA9AC852125188F00668F2F /* MBProgressHUD+MJ.m in Sources */,
				BFE6202D2126C09B005B8F88 /* BasePageVc.m in Sources */,
				BF5F755E21266DAA002F348F /* baseWkVc.m in Sources */,
				BFA9AC6F2122803F00668F2F /* baseUiTableView.m in Sources */,
				BF5F755721266930002F348F /* testTableVC.m in Sources */,
				BFE6203B212A9D49005B8F88 /* testPoPvc.m in Sources */,
				BFA9AC7A212297C700668F2F /* NSString+Add.m in Sources */,
				BF5F75522126544D002F348F /* testCellXib.m in Sources */,
				BFE6201A2126764F005B8F88 /* baseUICollectionVC.m in Sources */,
				BFA9AC3A21227BC300668F2F /* ViewController.m in Sources */,
				BFE620362126D38A005B8F88 /* WSLFPS.m in Sources */,
				BF5F755A21266AB1002F348F /* BorrowingBill.m in Sources */,
				BFE62024212678BC005B8F88 /* testCoCellXib.m in Sources */,
				BFE620282126B211005B8F88 /* ImageCell.m in Sources */,
				BFA9AC4521227BC500668F2F /* main.m in Sources */,
				BFE6203F212BE073005B8F88 /* mainTableVc.m in Sources */,
				BFA9AC752122805500668F2F /* basicVc.m in Sources */,
				BFA9AC722122804B00668F2F /* baseCell.m in Sources */,
				BFA9AC7E21241DF200668F2F /* ToolHelper.m in Sources */,
				BFE6201D21267873005B8F88 /* testCoVc.m in Sources */,
				BFA9AC3721227BC300668F2F /* AppDelegate.m in Sources */,
				BFE620372126D38A005B8F88 /* WSLSuspendingView.m in Sources */,
			);
			runOnlyForDeploymentPostprocessing = 0;
		};
		BFA9AC4621227BC500668F2F /* Sources */ = {
			isa = PBXSourcesBuildPhase;
			buildActionMask = 2147483647;
			files = (
				BFA9AC4F21227BC500668F2F /* baseTests.m in Sources */,
			);
			runOnlyForDeploymentPostprocessing = 0;
		};
		BFA9AC5121227BC500668F2F /* Sources */ = {
			isa = PBXSourcesBuildPhase;
			buildActionMask = 2147483647;
			files = (
				BFA9AC5A21227BC500668F2F /* baseUITests.m in Sources */,
			);
			runOnlyForDeploymentPostprocessing = 0;
		};
/* End PBXSourcesBuildPhase section */

/* Begin PBXTargetDependency section */
		BFA9AC4C21227BC500668F2F /* PBXTargetDependency */ = {
			isa = PBXTargetDependency;
			target = BFA9AC3121227BC300668F2F /* base */;
			targetProxy = BFA9AC4B21227BC500668F2F /* PBXContainerItemProxy */;
		};
		BFA9AC5721227BC500668F2F /* PBXTargetDependency */ = {
			isa = PBXTargetDependency;
			target = BFA9AC3121227BC300668F2F /* base */;
			targetProxy = BFA9AC5621227BC500668F2F /* PBXContainerItemProxy */;
		};
/* End PBXTargetDependency section */

/* Begin PBXVariantGroup section */
		BFA9AC3B21227BC300668F2F /* Main.storyboard */ = {
			isa = PBXVariantGroup;
			children = (
				BFA9AC3C21227BC300668F2F /* Base */,
			);
			name = Main.storyboard;
			sourceTree = "<group>";
		};
		BFA9AC4021227BC500668F2F /* LaunchScreen.storyboard */ = {
			isa = PBXVariantGroup;
			children = (
				BFA9AC4121227BC500668F2F /* Base */,
			);
			name = LaunchScreen.storyboard;
			sourceTree = "<group>";
		};
/* End PBXVariantGroup section */

/* Begin XCBuildConfiguration section */
		BFA9AC5C21227BC500668F2F /* Debug */ = {
			isa = XCBuildConfiguration;
			buildSettings = {
				ALWAYS_SEARCH_USER_PATHS = NO;
				CLANG_ANALYZER_NONNULL = YES;
				CLANG_ANALYZER_NUMBER_OBJECT_CONVERSION = YES_AGGRESSIVE;
				CLANG_CXX_LANGUAGE_STANDARD = "gnu++14";
				CLANG_CXX_LIBRARY = "libc++";
				CLANG_ENABLE_MODULES = YES;
				CLANG_ENABLE_OBJC_ARC = YES;
				CLANG_ENABLE_OBJC_WEAK = YES;
				CLANG_WARN_BLOCK_CAPTURE_AUTORELEASING = YES;
				CLANG_WARN_BOOL_CONVERSION = YES;
				CLANG_WARN_COMMA = YES;
				CLANG_WARN_CONSTANT_CONVERSION = YES;
				CLANG_WARN_DEPRECATED_OBJC_IMPLEMENTATIONS = YES;
				CLANG_WARN_DIRECT_OBJC_ISA_USAGE = YES_ERROR;
				CLANG_WARN_DOCUMENTATION_COMMENTS = YES;
				CLANG_WARN_EMPTY_BODY = YES;
				CLANG_WARN_ENUM_CONVERSION = YES;
				CLANG_WARN_INFINITE_RECURSION = YES;
				CLANG_WARN_INT_CONVERSION = YES;
				CLANG_WARN_NON_LITERAL_NULL_CONVERSION = YES;
				CLANG_WARN_OBJC_IMPLICIT_RETAIN_SELF = YES;
				CLANG_WARN_OBJC_LITERAL_CONVERSION = YES;
				CLANG_WARN_OBJC_ROOT_CLASS = YES_ERROR;
				CLANG_WARN_RANGE_LOOP_ANALYSIS = YES;
				CLANG_WARN_STRICT_PROTOTYPES = YES;
				CLANG_WARN_SUSPICIOUS_MOVE = YES;
				CLANG_WARN_UNGUARDED_AVAILABILITY = YES_AGGRESSIVE;
				CLANG_WARN_UNREACHABLE_CODE = YES;
				CLANG_WARN__DUPLICATE_METHOD_MATCH = YES;
				CODE_SIGN_IDENTITY = "iPhone Developer";
				COPY_PHASE_STRIP = NO;
				DEBUG_INFORMATION_FORMAT = dwarf;
				ENABLE_STRICT_OBJC_MSGSEND = YES;
				ENABLE_TESTABILITY = YES;
				GCC_C_LANGUAGE_STANDARD = gnu11;
				GCC_DYNAMIC_NO_PIC = NO;
				GCC_NO_COMMON_BLOCKS = YES;
				GCC_OPTIMIZATION_LEVEL = 0;
				GCC_PREPROCESSOR_DEFINITIONS = (
					"DEBUG=1",
					"$(inherited)",
				);
				GCC_WARN_64_TO_32_BIT_CONVERSION = YES;
				GCC_WARN_ABOUT_RETURN_TYPE = YES_ERROR;
				GCC_WARN_UNDECLARED_SELECTOR = YES;
				GCC_WARN_UNINITIALIZED_AUTOS = YES_AGGRESSIVE;
				GCC_WARN_UNUSED_FUNCTION = YES;
				GCC_WARN_UNUSED_VARIABLE = YES;
				IPHONEOS_DEPLOYMENT_TARGET = 11.4;
				MTL_ENABLE_DEBUG_INFO = YES;
				ONLY_ACTIVE_ARCH = YES;
				SDKROOT = iphoneos;
			};
			name = Debug;
		};
		BFA9AC5D21227BC500668F2F /* Release */ = {
			isa = XCBuildConfiguration;
			buildSettings = {
				ALWAYS_SEARCH_USER_PATHS = NO;
				CLANG_ANALYZER_NONNULL = YES;
				CLANG_ANALYZER_NUMBER_OBJECT_CONVERSION = YES_AGGRESSIVE;
				CLANG_CXX_LANGUAGE_STANDARD = "gnu++14";
				CLANG_CXX_LIBRARY = "libc++";
				CLANG_ENABLE_MODULES = YES;
				CLANG_ENABLE_OBJC_ARC = YES;
				CLANG_ENABLE_OBJC_WEAK = YES;
				CLANG_WARN_BLOCK_CAPTURE_AUTORELEASING = YES;
				CLANG_WARN_BOOL_CONVERSION = YES;
				CLANG_WARN_COMMA = YES;
				CLANG_WARN_CONSTANT_CONVERSION = YES;
				CLANG_WARN_DEPRECATED_OBJC_IMPLEMENTATIONS = YES;
				CLANG_WARN_DIRECT_OBJC_ISA_USAGE = YES_ERROR;
				CLANG_WARN_DOCUMENTATION_COMMENTS = YES;
				CLANG_WARN_EMPTY_BODY = YES;
				CLANG_WARN_ENUM_CONVERSION = YES;
				CLANG_WARN_INFINITE_RECURSION = YES;
				CLANG_WARN_INT_CONVERSION = YES;
				CLANG_WARN_NON_LITERAL_NULL_CONVERSION = YES;
				CLANG_WARN_OBJC_IMPLICIT_RETAIN_SELF = YES;
				CLANG_WARN_OBJC_LITERAL_CONVERSION = YES;
				CLANG_WARN_OBJC_ROOT_CLASS = YES_ERROR;
				CLANG_WARN_RANGE_LOOP_ANALYSIS = YES;
				CLANG_WARN_STRICT_PROTOTYPES = YES;
				CLANG_WARN_SUSPICIOUS_MOVE = YES;
				CLANG_WARN_UNGUARDED_AVAILABILITY = YES_AGGRESSIVE;
				CLANG_WARN_UNREACHABLE_CODE = YES;
				CLANG_WARN__DUPLICATE_METHOD_MATCH = YES;
				CODE_SIGN_IDENTITY = "iPhone Developer";
				COPY_PHASE_STRIP = NO;
				DEBUG_INFORMATION_FORMAT = "dwarf-with-dsym";
				ENABLE_NS_ASSERTIONS = NO;
				ENABLE_STRICT_OBJC_MSGSEND = YES;
				GCC_C_LANGUAGE_STANDARD = gnu11;
				GCC_NO_COMMON_BLOCKS = YES;
				GCC_WARN_64_TO_32_BIT_CONVERSION = YES;
				GCC_WARN_ABOUT_RETURN_TYPE = YES_ERROR;
				GCC_WARN_UNDECLARED_SELECTOR = YES;
				GCC_WARN_UNINITIALIZED_AUTOS = YES_AGGRESSIVE;
				GCC_WARN_UNUSED_FUNCTION = YES;
				GCC_WARN_UNUSED_VARIABLE = YES;
				IPHONEOS_DEPLOYMENT_TARGET = 11.4;
				MTL_ENABLE_DEBUG_INFO = NO;
				SDKROOT = iphoneos;
				VALIDATE_PRODUCT = YES;
			};
			name = Release;
		};
		BFA9AC5F21227BC500668F2F /* Debug */ = {
			isa = XCBuildConfiguration;
			baseConfigurationReference = 22DF88D12F3E8094A2583C5F /* Pods-base.debug.xcconfig */;
			buildSettings = {
				ASSETCATALOG_COMPILER_APPICON_NAME = AppIcon;
				CODE_SIGN_STYLE = Automatic;
				DEVELOPMENT_TEAM = HVHHKYW9Z7;
				INFOPLIST_FILE = base/Info.plist;
				IPHONEOS_DEPLOYMENT_TARGET = 8.0;
				LD_RUNPATH_SEARCH_PATHS = (
					"$(inherited)",
					"@executable_path/Frameworks",
				);
				PRODUCT_BUNDLE_IDENTIFIER = com.qxc126.base;
				PRODUCT_NAME = "$(TARGET_NAME)";
				TARGETED_DEVICE_FAMILY = 1;
			};
			name = Debug;
		};
		BFA9AC6021227BC500668F2F /* Release */ = {
			isa = XCBuildConfiguration;
			baseConfigurationReference = 61D1641A44BF8EE32DF469E1 /* Pods-base.release.xcconfig */;
			buildSettings = {
				ASSETCATALOG_COMPILER_APPICON_NAME = AppIcon;
				CODE_SIGN_STYLE = Automatic;
				DEVELOPMENT_TEAM = HVHHKYW9Z7;
				INFOPLIST_FILE = base/Info.plist;
				IPHONEOS_DEPLOYMENT_TARGET = 8.0;
				LD_RUNPATH_SEARCH_PATHS = (
					"$(inherited)",
					"@executable_path/Frameworks",
				);
				PRODUCT_BUNDLE_IDENTIFIER = com.qxc126.base;
				PRODUCT_NAME = "$(TARGET_NAME)";
				TARGETED_DEVICE_FAMILY = 1;
			};
			name = Release;
		};
		BFA9AC6221227BC500668F2F /* Debug */ = {
			isa = XCBuildConfiguration;
			buildSettings = {
				BUNDLE_LOADER = "$(TEST_HOST)";
				CODE_SIGN_STYLE = Automatic;
				DEVELOPMENT_TEAM = HVHHKYW9Z7;
				INFOPLIST_FILE = baseTests/Info.plist;
				LD_RUNPATH_SEARCH_PATHS = (
					"$(inherited)",
					"@executable_path/Frameworks",
					"@loader_path/Frameworks",
				);
				PRODUCT_BUNDLE_IDENTIFIER = com.qxc126.baseTests;
				PRODUCT_NAME = "$(TARGET_NAME)";
				TARGETED_DEVICE_FAMILY = "1,2";
				TEST_HOST = "$(BUILT_PRODUCTS_DIR)/base.app/base";
			};
			name = Debug;
		};
		BFA9AC6321227BC500668F2F /* Release */ = {
			isa = XCBuildConfiguration;
			buildSettings = {
				BUNDLE_LOADER = "$(TEST_HOST)";
				CODE_SIGN_STYLE = Automatic;
				DEVELOPMENT_TEAM = HVHHKYW9Z7;
				INFOPLIST_FILE = baseTests/Info.plist;
				LD_RUNPATH_SEARCH_PATHS = (
					"$(inherited)",
					"@executable_path/Frameworks",
					"@loader_path/Frameworks",
				);
				PRODUCT_BUNDLE_IDENTIFIER = com.qxc126.baseTests;
				PRODUCT_NAME = "$(TARGET_NAME)";
				TARGETED_DEVICE_FAMILY = "1,2";
				TEST_HOST = "$(BUILT_PRODUCTS_DIR)/base.app/base";
			};
			name = Release;
		};
		BFA9AC6521227BC500668F2F /* Debug */ = {
			isa = XCBuildConfiguration;
			buildSettings = {
				CODE_SIGN_STYLE = Automatic;
				DEVELOPMENT_TEAM = HVHHKYW9Z7;
				INFOPLIST_FILE = baseUITests/Info.plist;
				LD_RUNPATH_SEARCH_PATHS = (
					"$(inherited)",
					"@executable_path/Frameworks",
					"@loader_path/Frameworks",
				);
				PRODUCT_BUNDLE_IDENTIFIER = com.qxc126.baseUITests;
				PRODUCT_NAME = "$(TARGET_NAME)";
				TARGETED_DEVICE_FAMILY = "1,2";
				TEST_TARGET_NAME = base;
			};
			name = Debug;
		};
		BFA9AC6621227BC500668F2F /* Release */ = {
			isa = XCBuildConfiguration;
			buildSettings = {
				CODE_SIGN_STYLE = Automatic;
				DEVELOPMENT_TEAM = HVHHKYW9Z7;
				INFOPLIST_FILE = baseUITests/Info.plist;
				LD_RUNPATH_SEARCH_PATHS = (
					"$(inherited)",
					"@executable_path/Frameworks",
					"@loader_path/Frameworks",
				);
				PRODUCT_BUNDLE_IDENTIFIER = com.qxc126.baseUITests;
				PRODUCT_NAME = "$(TARGET_NAME)";
				TARGETED_DEVICE_FAMILY = "1,2";
				TEST_TARGET_NAME = base;
			};
			name = Release;
		};
/* End XCBuildConfiguration section */

/* Begin XCConfigurationList section */
		BFA9AC2D21227BC300668F2F /* Build configuration list for PBXProject "base" */ = {
			isa = XCConfigurationList;
			buildConfigurations = (
				BFA9AC5C21227BC500668F2F /* Debug */,
				BFA9AC5D21227BC500668F2F /* Release */,
			);
			defaultConfigurationIsVisible = 0;
			defaultConfigurationName = Release;
		};
		BFA9AC5E21227BC500668F2F /* Build configuration list for PBXNativeTarget "base" */ = {
			isa = XCConfigurationList;
			buildConfigurations = (
				BFA9AC5F21227BC500668F2F /* Debug */,
				BFA9AC6021227BC500668F2F /* Release */,
			);
			defaultConfigurationIsVisible = 0;
			defaultConfigurationName = Release;
		};
		BFA9AC6121227BC500668F2F /* Build configuration list for PBXNativeTarget "baseTests" */ = {
			isa = XCConfigurationList;
			buildConfigurations = (
				BFA9AC6221227BC500668F2F /* Debug */,
				BFA9AC6321227BC500668F2F /* Release */,
			);
			defaultConfigurationIsVisible = 0;
			defaultConfigurationName = Release;
		};
		BFA9AC6421227BC500668F2F /* Build configuration list for PBXNativeTarget "baseUITests" */ = {
			isa = XCConfigurationList;
			buildConfigurations = (
				BFA9AC6521227BC500668F2F /* Debug */,
				BFA9AC6621227BC500668F2F /* Release */,
			);
			defaultConfigurationIsVisible = 0;
			defaultConfigurationName = Release;
		};
/* End XCConfigurationList section */
	};
	rootObject = BFA9AC2A21227BC300668F2F /* Project object */;
}
